{
  "version": "4",
  "specifiers": {
    "npm:@langchain/anthropic@*": "0.3.13_@langchain+core@0.3.38__zod@3.24.1_zod@3.24.1",
    "npm:@langchain/core@*": "0.3.38_zod@3.24.1",
    "npm:@langchain/google-genai@*": "0.1.8_@langchain+core@0.3.38__zod@3.24.1",
    "npm:@langchain/openai@*": "0.4.2_@langchain+core@0.3.38__zod@3.24.1_zod@3.24.1_openai@4.82.0__zod@3.24.1",
    "npm:@types/node@*": "22.5.4",
    "npm:open@*": "10.1.0",
    "npm:openai@*": "4.82.0",
    "npm:papa@*": "0.0.0",
    "npm:papaparse@*": "5.5.2",
    "npm:zod@*": "3.24.1"
  },
  "npm": {
    "@anthropic-ai/sdk@0.36.3": {
      "integrity": "sha512-+c0mMLxL/17yFZ4P5+U6bTWiCSFZUKJddrv01ud2aFBWnTPLdRncYV76D3q1tqfnL7aCnhRtykFnoCFzvr4U3Q==",
      "dependencies": [
        "@types/node@18.19.64",
        "@types/node-fetch",
        "abort-controller",
        "agentkeepalive",
        "form-data-encoder",
        "formdata-node",
        "node-fetch"
      ]
    },
    "@cfworker/json-schema@4.1.1": {
      "integrity": "sha512-gAmrUZSGtKc3AiBL71iNWxDsyUC5uMaKKGdvzYsBoTW/xi42JQHl7eKV2OYzCUqvc+D2RCcf7EXY2iCyFIk6og=="
    },
    "@google/generative-ai@0.21.0": {
      "integrity": "sha512-7XhUbtnlkSEZK15kN3t+tzIMxsbKm/dSkKBFalj+20NvPKe1kBY7mR2P7vuijEn+f06z5+A8bVGKO0v39cr6Wg=="
    },
    "@langchain/anthropic@0.3.13_@langchain+core@0.3.38__zod@3.24.1_zod@3.24.1": {
      "integrity": "sha512-2ZSr0bHVqkW5r4YeyL7zAyrb6I9oWt1uILs7Sw+sVInknCyxuS4mYJyr9/HCSG0g0EujFkFSeciG657Jtu/aTw==",
      "dependencies": [
        "@anthropic-ai/sdk",
        "@langchain/core@0.3.38_zod@3.24.1",
        "fast-xml-parser",
        "zod",
        "zod-to-json-schema"
      ]
    },
    "@langchain/core@0.3.38_openai@4.82.0__zod@3.24.1_zod@3.24.1": {
      "integrity": "sha512-o7mowk/0oIsYsPxRAJ3TKX6OG674HqcaNRged0sxaTegLAMyZDBDRXEAt3qoe5UfkHnqXAggDLjNVDhpMwECmg==",
      "dependencies": [
        "@cfworker/json-schema",
        "ansi-styles@5.2.0",
        "camelcase",
        "decamelize",
        "js-tiktoken",
        "langsmith",
        "mustache",
        "p-queue",
        "p-retry",
        "uuid",
        "zod",
        "zod-to-json-schema"
      ]
    },
    "@langchain/core@0.3.38_zod@3.24.1": {
      "integrity": "sha512-o7mowk/0oIsYsPxRAJ3TKX6OG674HqcaNRged0sxaTegLAMyZDBDRXEAt3qoe5UfkHnqXAggDLjNVDhpMwECmg==",
      "dependencies": [
        "@cfworker/json-schema",
        "ansi-styles@5.2.0",
        "camelcase",
        "decamelize",
        "js-tiktoken",
        "langsmith",
        "mustache",
        "p-queue",
        "p-retry",
        "uuid",
        "zod",
        "zod-to-json-schema"
      ]
    },
    "@langchain/google-genai@0.1.8_@langchain+core@0.3.38__zod@3.24.1": {
      "integrity": "sha512-aBz8IzEJfihOVz2GpqFrdLWjDlpscZUYIA7LZ2iazU7edO03etPaqxdexiYKr/Q+Be2D0BT7uaFJsouvQApIZA==",
      "dependencies": [
        "@google/generative-ai",
        "@langchain/core@0.3.38_zod@3.24.1",
        "zod-to-json-schema"
      ]
    },
    "@langchain/openai@0.4.2_@langchain+core@0.3.38__zod@3.24.1_zod@3.24.1_openai@4.82.0__zod@3.24.1": {
      "integrity": "sha512-Cuj7qbVcycALTP0aqZuPpEc7As8cwiGaU21MhXRyZFs+dnWxKYxZ1Q1z4kcx6cYkq/I+CNwwmk+sP+YruU73Aw==",
      "dependencies": [
        "@langchain/core@0.3.38_openai@4.82.0__zod@3.24.1_zod@3.24.1",
        "js-tiktoken",
        "openai@4.82.0_zod@3.24.1",
        "zod",
        "zod-to-json-schema"
      ]
    },
    "@types/node-fetch@2.6.12": {
      "integrity": "sha512-8nneRWKCg3rMtF69nLQJnOYUcbafYeFSjqkw3jCRLsqkWFlHaoQrr5mXmofFGOx3DKn7UfmBMyov8ySvLRVldA==",
      "dependencies": [
        "@types/node@22.5.4",
        "form-data"
      ]
    },
    "@types/node@18.19.64": {
      "integrity": "sha512-955mDqvO2vFf/oL7V3WiUtiz+BugyX8uVbaT2H8oj3+8dRyH2FLiNdowe7eNqRM7IOIZvzDH76EoAT+gwm6aIQ==",
      "dependencies": [
        "undici-types@5.26.5"
      ]
    },
    "@types/node@22.5.4": {
      "integrity": "sha512-FDuKUJQm/ju9fT/SeX/6+gBzoPzlVCzfzmGkwKvRHQVxi4BntVbyIwf6a4Xn62mrvndLiml6z/UBXIdEVjQLXg==",
      "dependencies": [
        "undici-types@6.19.8"
      ]
    },
    "@types/retry@0.12.0": {
      "integrity": "sha512-wWKOClTTiizcZhXnPY4wikVAwmdYHp8q6DmC+EJUzAMsycb7HB32Kh9RN4+0gExjmPmZSAQjgURXIGATPegAvA=="
    },
    "@types/uuid@10.0.0": {
      "integrity": "sha512-7gqG38EyHgyP1S+7+xomFtL+ZNHcKv6DwNaCZmJmo1vgMugyF3TCnXVg4t1uk89mLNwnLtnY3TpOpCOyp1/xHQ=="
    },
    "abort-controller@3.0.0": {
      "integrity": "sha512-h8lQ8tacZYnR3vNQTgibj+tODHI5/+l06Au2Pcriv/Gmet0eaj4TwWH41sO9wnHDiQsEj19q0drzdWdeAHtweg==",
      "dependencies": [
        "event-target-shim"
      ]
    },
    "agentkeepalive@4.6.0": {
      "integrity": "sha512-kja8j7PjmncONqaTsB8fQ+wE2mSU2DJ9D4XKoJ5PFWIdRMa6SLSN1ff4mOr4jCbfRSsxR4keIiySJU0N9T5hIQ==",
      "dependencies": [
        "humanize-ms"
      ]
    },
    "ansi-styles@4.3.0": {
      "integrity": "sha512-zbB9rCJAT1rbjiVDb2hqKFHNYLxgtk8NURxZ3IZwD3F6NtxbXZQCnnSi1Lkx+IDohdPlFp222wVALIheZJQSEg==",
      "dependencies": [
        "color-convert"
      ]
    },
    "ansi-styles@5.2.0": {
      "integrity": "sha512-Cxwpt2SfTzTtXcfOlzGEee8O+c+MmUgGrNiBcXnuWxuFJHe6a5Hz7qwhwe5OgaSYI0IJvkLqWX1ASG+cJOkEiA=="
    },
    "asynckit@0.4.0": {
      "integrity": "sha512-Oei9OH4tRh0YqU3GxhX79dM/mwVgvbZJaSNaRk+bshkj0S5cfHcgYakreBjrHwatXKbz+IoIdYLxrKim2MjW0Q=="
    },
    "base64-js@1.5.1": {
      "integrity": "sha512-AKpaYlHn8t4SVbOHCy+b5+KKgvR4vrsD8vbvrbiQJps7fKDTkjkDry6ji0rUJjC0kzbNePLwzxq8iypo41qeWA=="
    },
    "bundle-name@4.1.0": {
      "integrity": "sha512-tjwM5exMg6BGRI+kNmTntNsvdZS1X8BFYS6tnJ2hdH0kVxM6/eVZ2xy+FqStSWvYmtfFMDLIxurorHwDKfDz5Q==",
      "dependencies": [
        "run-applescript"
      ]
    },
    "camelcase@6.3.0": {
      "integrity": "sha512-Gmy6FhYlCY7uOElZUSbxo2UCDH8owEk996gkbrpsgGtrJLM3J7jGxl9Ic7Qwwj4ivOE5AWZWRMecDdF7hqGjFA=="
    },
    "chalk@4.1.2": {
      "integrity": "sha512-oKnbhFyRIXpUuez8iBMmyEa4nbj4IOQyuhc/wy9kY7/WVPcwIO9VA668Pu8RkO7+0G76SLROeyw9CpQ061i4mA==",
      "dependencies": [
        "ansi-styles@4.3.0",
        "supports-color"
      ]
    },
    "color-convert@2.0.1": {
      "integrity": "sha512-RRECPsj7iu/xb5oKYcsFHSppFNnsj/52OVTRKb4zP5onXwVF3zVmmToNcOfGC+CRDpfK/U584fMg38ZHCaElKQ==",
      "dependencies": [
        "color-name"
      ]
    },
    "color-name@1.1.4": {
      "integrity": "sha512-dOy+3AuW3a2wNbZHIuMZpTcgjGuLU/uBL/ubcZF9OXbDo8ff4O8yVp5Bf0efS8uEoYo5q4Fx7dY9OgQGXgAsQA=="
    },
    "combined-stream@1.0.8": {
      "integrity": "sha512-FQN4MRfuJeHf7cBbBMJFXhKSDq+2kAArBlmRBvcvFE5BB1HZKXtSFASDhdlz9zOYwxh8lDdnvmMOe/+5cdoEdg==",
      "dependencies": [
        "delayed-stream"
      ]
    },
    "console-table-printer@2.12.1": {
      "integrity": "sha512-wKGOQRRvdnd89pCeH96e2Fn4wkbenSP6LMHfjfyNLMbGuHEFbMqQNuxXqd0oXG9caIOQ1FTvc5Uijp9/4jujnQ==",
      "dependencies": [
        "simple-wcswidth"
      ]
    },
    "decamelize@1.2.0": {
      "integrity": "sha512-z2S+W9X73hAUUki+N+9Za2lBlun89zigOyGrsax+KUQ6wKW4ZoWpEYBkGhQjwAjjDCkWxhY0VKEhk8wzY7F5cA=="
    },
    "default-browser-id@5.0.0": {
      "integrity": "sha512-A6p/pu/6fyBcA1TRz/GqWYPViplrftcW2gZC9q79ngNCKAeR/X3gcEdXQHl4KNXV+3wgIJ1CPkJQ3IHM6lcsyA=="
    },
    "default-browser@5.2.1": {
      "integrity": "sha512-WY/3TUME0x3KPYdRRxEJJvXRHV4PyPoUsxtZa78lwItwRQRHhd2U9xOscaT/YTf8uCXIAjeJOFBVEh/7FtD8Xg==",
      "dependencies": [
        "bundle-name",
        "default-browser-id"
      ]
    },
    "define-lazy-prop@3.0.0": {
      "integrity": "sha512-N+MeXYoqr3pOgn8xfyRPREN7gHakLYjhsHhWGT3fWAiL4IkAt0iDw14QiiEm2bE30c5XX5q0FtAA3CK5f9/BUg=="
    },
    "delayed-stream@1.0.0": {
      "integrity": "sha512-ZySD7Nf91aLB0RxL4KGrKHBXl7Eds1DAmEdcoVawXnLD7SDhpNgtuII2aAkg7a7QS41jxPSZ17p4VdGnMHk3MQ=="
    },
    "event-target-shim@5.0.1": {
      "integrity": "sha512-i/2XbnSz/uxRCU6+NdVJgKWDTM427+MqYbkQzD321DuCQJUqOuJKIA0IM2+W2xtYHdKOmZ4dR6fExsd4SXL+WQ=="
    },
    "eventemitter3@4.0.7": {
      "integrity": "sha512-8guHBZCwKnFhYdHr2ysuRWErTwhoN2X8XELRlrRwpmfeY2jjuUN4taQMsULKUVo1K4DvZl+0pgfyoysHxvmvEw=="
    },
    "fast-xml-parser@4.5.1": {
      "integrity": "sha512-y655CeyUQ+jj7KBbYMc4FG01V8ZQqjN+gDYGJ50RtfsUB8iG9AmwmwoAgeKLJdmueKKMrH1RJ7yXHTSoczdv5w==",
      "dependencies": [
        "strnum"
      ]
    },
    "form-data-encoder@1.7.2": {
      "integrity": "sha512-qfqtYan3rxrnCk1VYaA4H+Ms9xdpPqvLZa6xmMgFvhO32x7/3J/ExcTd6qpxM0vH2GdMI+poehyBZvqfMTto8A=="
    },
    "form-data@4.0.1": {
      "integrity": "sha512-tzN8e4TX8+kkxGPK8D5u0FNmjPUjw3lwC9lSLxxoB/+GtsJG91CO8bSWy73APlgAZzZbXEYZJuxjkHH2w+Ezhw==",
      "dependencies": [
        "asynckit",
        "combined-stream",
        "mime-types"
      ]
    },
    "formdata-node@4.4.1": {
      "integrity": "sha512-0iirZp3uVDjVGt9p49aTaqjk84TrglENEDuqfdlZQ1roC9CWlPk6Avf8EEnZNcAqPonwkG35x4n3ww/1THYAeQ==",
      "dependencies": [
        "node-domexception",
        "web-streams-polyfill"
      ]
    },
    "has-flag@4.0.0": {
      "integrity": "sha512-EykJT/Q1KjTWctppgIAgfSO0tKVuZUjhgMr17kqTumMl6Afv3EISleU7qZUzoXDFTAHTDC4NOoG/ZxU3EvlMPQ=="
    },
    "humanize-ms@1.2.1": {
      "integrity": "sha512-Fl70vYtsAFb/C06PTS9dZBo7ihau+Tu/DNCk/OyHhea07S+aeMWpFFkUaXRa8fI+ScZbEI8dfSxwY7gxZ9SAVQ==",
      "dependencies": [
        "ms"
      ]
    },
    "is-docker@3.0.0": {
      "integrity": "sha512-eljcgEDlEns/7AXFosB5K/2nCM4P7FQPkGc/DWLy5rmFEWvZayGrik1d9/QIY5nJ4f9YsVvBkA6kJpHn9rISdQ=="
    },
    "is-inside-container@1.0.0": {
      "integrity": "sha512-KIYLCCJghfHZxqjYBE7rEy0OBuTd5xCHS7tHVgvCLkx7StIoaxwNW3hCALgEUjFfeRk+MG/Qxmp/vtETEF3tRA==",
      "dependencies": [
        "is-docker"
      ]
    },
    "is-wsl@3.1.0": {
      "integrity": "sha512-UcVfVfaK4Sc4m7X3dUSoHoozQGBEFeDC+zVo06t98xe8CzHSZZBekNXH+tu0NalHolcJ/QAGqS46Hef7QXBIMw==",
      "dependencies": [
        "is-inside-container"
      ]
    },
    "js-tiktoken@1.0.18": {
      "integrity": "sha512-hFYx4xYf6URgcttcGvGuOBJhTxPYZ2R5eIesqCaNRJmYH8sNmsfTeWg4yu//7u1VD/qIUkgKJTpGom9oHXmB4g==",
      "dependencies": [
        "base64-js"
      ]
    },
    "langsmith@0.3.7_openai@4.82.0__zod@3.24.1_zod@3.24.1": {
      "integrity": "sha512-wakN1hxGkm1JR2PpAV7fiT7oC99LKcgxiuUrYGZWPbuj7Y8EPF19F7VNr4B+hA219bfaeWTa4Lxy2YrtPSKnQA==",
      "dependencies": [
        "@types/uuid",
        "chalk",
        "console-table-printer",
        "openai@4.82.0_zod@3.24.1",
        "p-queue",
        "p-retry",
        "semver",
        "uuid"
      ]
    },
    "mime-db@1.52.0": {
      "integrity": "sha512-sPU4uV7dYlvtWJxwwxHD0PuihVNiE7TyAbQ5SWxDCB9mUYvOgroQOwYQQOKPJ8CIbE+1ETVlOoK1UC2nU3gYvg=="
    },
    "mime-types@2.1.35": {
      "integrity": "sha512-ZDY+bPm5zTTF+YpCrAU9nK0UgICYPT0QtT1NZWFv4s++TNkcgVaT0g6+4R2uI4MjQjzysHB1zxuWL50hzaeXiw==",
      "dependencies": [
        "mime-db"
      ]
    },
    "ms@2.1.3": {
      "integrity": "sha512-6FlzubTLZG3J2a/NVCAleEhjzq5oxgHyaCU9yYXvcLsvoVaHJq/s5xXI6/XXP6tz7R9xAOtHnSO/tXtF3WRTlA=="
    },
    "mustache@4.2.0": {
      "integrity": "sha512-71ippSywq5Yb7/tVYyGbkBggbU8H3u5Rz56fH60jGFgr8uHwxs+aSKeqmluIVzM0m0kB7xQjKS6qPfd0b2ZoqQ=="
    },
    "node-domexception@1.0.0": {
      "integrity": "sha512-/jKZoMpw0F8GRwl4/eLROPA3cfcXtLApP0QzLmUT/HuPCZWyB7IY9ZrMeKw2O/nFIqPQB3PVM9aYm0F312AXDQ=="
    },
    "node-fetch@2.7.0": {
      "integrity": "sha512-c4FRfUm/dbcWZ7U+1Wq0AwCyFL+3nt2bEw05wfxSz+DWpWsitgmSgYmy2dQdWyKC1694ELPqMs/YzUSNozLt8A==",
      "dependencies": [
        "whatwg-url"
      ]
    },
    "open@10.1.0": {
      "integrity": "sha512-mnkeQ1qP5Ue2wd+aivTD3NHd/lZ96Lu0jgf0pwktLPtx6cTZiH7tyeGRRHs0zX0rbrahXPnXlUnbeXyaBBuIaw==",
      "dependencies": [
        "default-browser",
        "define-lazy-prop",
        "is-inside-container",
        "is-wsl"
      ]
    },
    "openai@4.82.0": {
      "integrity": "sha512-1bTxOVGZuVGsKKUWbh3BEwX1QxIXUftJv+9COhhGGVDTFwiaOd4gWsMynF2ewj1mg6by3/O+U8+EEHpWRdPaJg==",
      "dependencies": [
        "@types/node@18.19.64",
        "@types/node-fetch",
        "abort-controller",
        "agentkeepalive",
        "form-data-encoder",
        "formdata-node",
        "node-fetch"
      ]
    },
    "openai@4.82.0_zod@3.24.1": {
      "integrity": "sha512-1bTxOVGZuVGsKKUWbh3BEwX1QxIXUftJv+9COhhGGVDTFwiaOd4gWsMynF2ewj1mg6by3/O+U8+EEHpWRdPaJg==",
      "dependencies": [
        "@types/node@18.19.64",
        "@types/node-fetch",
        "abort-controller",
        "agentkeepalive",
        "form-data-encoder",
        "formdata-node",
        "node-fetch",
        "zod"
      ]
    },
    "p-finally@1.0.0": {
      "integrity": "sha512-LICb2p9CB7FS+0eR1oqWnHhp0FljGLZCWBE9aix0Uye9W8LTQPwMTYVGWQWIw9RdQiDg4+epXQODwIYJtSJaow=="
    },
    "p-queue@6.6.2": {
      "integrity": "sha512-RwFpb72c/BhQLEXIZ5K2e+AhgNVmIejGlTgiB9MzZ0e93GRvqZ7uSi0dvRF7/XIXDeNkra2fNHBxTyPDGySpjQ==",
      "dependencies": [
        "eventemitter3",
        "p-timeout"
      ]
    },
    "p-retry@4.6.2": {
      "integrity": "sha512-312Id396EbJdvRONlngUx0NydfrIQ5lsYu0znKVUzVvArzEIt08V1qhtyESbGVd1FGX7UKtiFp5uwKZdM8wIuQ==",
      "dependencies": [
        "@types/retry",
        "retry"
      ]
    },
    "p-timeout@3.2.0": {
      "integrity": "sha512-rhIwUycgwwKcP9yTOOFK/AKsAopjjCakVqLHePO3CC6Mir1Z99xT+R63jZxAT5lFZLa2inS5h+ZS2GvR99/FBg==",
      "dependencies": [
        "p-finally"
      ]
    },
    "papa@0.0.0": {
      "integrity": "sha512-JfyAGKUiMKJBpq6CCAZySM62hInMXVUWe1N5KudZqfC9GhpqByLCWNCd4Ab21xMf1HiWkDV52S8VC6ceC3/CEA=="
    },
    "papaparse@5.5.2": {
      "integrity": "sha512-PZXg8UuAc4PcVwLosEEDYjPyfWnTEhOrUfdv+3Bx+NuAb+5NhDmXzg5fHWmdCh1mP5p7JAZfFr3IMQfcntNAdA=="
    },
    "retry@0.13.1": {
      "integrity": "sha512-XQBQ3I8W1Cge0Seh+6gjj03LbmRFWuoszgK9ooCpwYIrhhoO80pfq4cUkU5DkknwfOfFteRwlZ56PYOGYyFWdg=="
    },
    "run-applescript@7.0.0": {
      "integrity": "sha512-9by4Ij99JUr/MCFBUkDKLWK3G9HVXmabKz9U5MlIAIuvuzkiOicRYs8XJLxX+xahD+mLiiCYDqF9dKAgtzKP1A=="
    },
    "semver@7.7.1": {
      "integrity": "sha512-hlq8tAfn0m/61p4BVRcPzIGr6LKiMwo4VM6dGi6pt4qcRkmNzTcWq6eCEjEh+qXjkMDvPlOFFSGwQjoEa6gyMA=="
    },
    "simple-wcswidth@1.0.1": {
      "integrity": "sha512-xMO/8eNREtaROt7tJvWJqHBDTMFN4eiQ5I4JRMuilwfnFcV5W9u7RUkueNkdw0jPqGMX36iCywelS5yilTuOxg=="
    },
    "strnum@1.0.5": {
      "integrity": "sha512-J8bbNyKKXl5qYcR36TIO8W3mVGVHrmmxsd5PAItGkmyzwJvybiw2IVq5nqd0i4LSNSkB/sx9VHllbfFdr9k1JA=="
    },
    "supports-color@7.2.0": {
      "integrity": "sha512-qpCAvRl9stuOHveKsn7HncJRvv501qIacKzQlO/+Lwxc9+0q2wLyv4Dfvt80/DPn2pqOBsJdDiogXGR9+OvwRw==",
      "dependencies": [
        "has-flag"
      ]
    },
    "tr46@0.0.3": {
      "integrity": "sha512-N3WMsuqV66lT30CrXNbEjx4GEwlow3v6rr4mCcv6prnfwhS01rkgyFdjPNBYd9br7LpXV1+Emh01fHnq2Gdgrw=="
    },
    "undici-types@5.26.5": {
      "integrity": "sha512-JlCMO+ehdEIKqlFxk6IfVoAUVmgz7cU7zD/h9XZ0qzeosSHmUJVOzSQvvYSYWXkFXC+IfLKSIffhv0sVZup6pA=="
    },
    "undici-types@6.19.8": {
      "integrity": "sha512-ve2KP6f/JnbPBFyobGHuerC9g1FYGn/F8n1LWTwNxCEzd6IfqTwUQcNXgEtmmQ6DlRrC1hrSrBnCZPokRrDHjw=="
    },
    "uuid@10.0.0": {
      "integrity": "sha512-8XkAphELsDnEGrDxUOHB3RGvXz6TeuYSGEZBOjtTtPm2lwhGBjLgOzLHB63IUWfBpNucQjND6d3AOudO+H3RWQ=="
    },
    "web-streams-polyfill@4.0.0-beta.3": {
      "integrity": "sha512-QW95TCTaHmsYfHDybGMwO5IJIM93I/6vTRk+daHTWFPhwh+C8Cg7j7XyKrwrj8Ib6vYXe0ocYNrmzY4xAAN6ug=="
    },
    "webidl-conversions@3.0.1": {
      "integrity": "sha512-2JAn3z8AR6rjK8Sm8orRC0h/bcl/DqL7tRPdGZ4I1CjdF+EaMLmYxBHyXuKL849eucPFhvBoxMsflfOb8kxaeQ=="
    },
    "whatwg-url@5.0.0": {
      "integrity": "sha512-saE57nupxk6v3HY35+jzBwYa0rKSy0XR8JSxZPwgLr7ys0IBzhGviA1/TUGJLmSVqs8pb9AnvICXEuOHLprYTw==",
      "dependencies": [
        "tr46",
        "webidl-conversions"
      ]
    },
    "zod-to-json-schema@3.24.1_zod@3.24.1": {
      "integrity": "sha512-3h08nf3Vw3Wl3PK+q3ow/lIil81IT2Oa7YpQyUUDsEWbXveMesdfK1xBd2RhCkynwZndAxixji/7SYJJowr62w==",
      "dependencies": [
        "zod"
      ]
    },
    "zod@3.24.1": {
      "integrity": "sha512-muH7gBL9sI1nciMZV67X5fTKKBLtwpZ5VBp1vsOQzj1MhrBZ4wlVCm3gedKZWLp0Oyel8sIGfeiz54Su+OVT+A=="
    }
  },
  "redirects": {
    "https://esm.sh/@langchain/core": "https://esm.sh/@langchain/core@0.3.38",
    "https://esm.sh/@langchain/core/language_models": "https://esm.sh/@langchain/core@0.3.38/language_models"
  }
}
